
Microsoft Visual Studio Solution File, Format Version 12.00
# Visual Studio Version 17
VisualStudioVersion = 17.4.33110.190
MinimumVisualStudioVersion = 10.0.40219.1
Project("{FAE04EC0-301F-11D3-BF4B-00C04F79EFBC}") = "AdventOfCode", "AdventOfCode\AdventOfCode.csproj", "{088F61A9-126C-43CB-8BAD-171ED4BD2C73}"
EndProject
Global
	GlobalSection(SolutionConfigurationPlatforms) = preSolution
		Debug|Any CPU = Debug|Any CPU
		Release|Any CPU = Release|Any CPU
	EndGlobalSection
	GlobalSection(ProjectConfigurationPlatforms) = postSolution
		{088F61A9-126C-43CB-8BAD-171ED4BD2C73}.Debug|Any CPU.ActiveCfg = Debug|Any CPU
		{088F61A9-126C-43CB-8BAD-171ED4BD2C73}.Debug|Any CPU.Build.0 = Debug|Any CPU
		{088F61A9-126C-43CB-8BAD-171ED4BD2C73}.Release|Any CPU.ActiveCfg = Release|Any CPU
		{088F61A9-126C-43CB-8BAD-171ED4BD2C73}.Release|Any CPU.Build.0 = Release|Any CPU
	EndGlobalSection
	GlobalSection(SolutionProperties) = preSolution
		HideSolutionNode = FALSE
	EndGlobalSection
	GlobalSection(ExtensibilityGlobals) = postSolution
		SolutionGuid = {788CDE80-809C-4AE7-BABC-8F262507A7F9}
	EndGlobalSection
EndGlobal
